
Microsoft Visual Studio Solution File, Format Version 12.00
# Visual Studio Version 17
VisualStudioVersion = 17.0.32112.339
MinimumVisualStudioVersion = 10.0.40219.1
Project("{FAE04EC0-301F-11D3-BF4B-00C04F79EFBC}") = "ConsoleApp2", "ConsoleApp2.csproj", "{2DF02655-7E0A-4470-866F-5AC1D40CD07E}"
EndProject
Global
	GlobalSection(SolutionConfigurationPlatforms) = preSolution
		Debug|Any CPU = Debug|Any CPU
		Release|Any CPU = Release|Any CPU
	EndGlobalSection
	GlobalSection(ProjectConfigurationPlatforms) = postSolution
		{2DF02655-7E0A-4470-866F-5AC1D40CD07E}.Debug|Any CPU.ActiveCfg = Debug|Any CPU
		{2DF02655-7E0A-4470-866F-5AC1D40CD07E}.Debug|Any CPU.Build.0 = Debug|Any CPU
		{2DF02655-7E0A-4470-866F-5AC1D40CD07E}.Release|Any CPU.ActiveCfg = Release|Any CPU
		{2DF02655-7E0A-4470-866F-5AC1D40CD07E}.Release|Any CPU.Build.0 = Release|Any CPU
	EndGlobalSection
	GlobalSection(SolutionProperties) = preSolution
		HideSolutionNode = FALSE
	EndGlobalSection
	GlobalSection(ExtensibilityGlobals) = postSolution
		SolutionGuid = {88A2248C-0C1C-4CDE-8406-3F149B0881D0}
	EndGlobalSection
EndGlobal
